# This file is automatically @generated by Poetry 2.2.1 and should not be changed by hand.

[[package]]
name = "colorama"
version = "0.4.6"
description = "Cross-platform colored terminal text."
optional = false
python-versions = "!=3.0.*,!=3.1.*,!=3.2.*,!=3.3.*,!=3.4.*,!=3.5.*,!=3.6.*,>=2.7"
groups = ["dev"]
markers = "sys_platform == \"win32\""
files = [
    {file = "colorama-0.4.6-py2.py3-none-any.whl", hash = "sha256:4f1d9991f5acc0ca119f9d443620b77f9d6b33703e51011c16baf57afb285fc6"},
    {file = "colorama-0.4.6.tar.gz", hash = "sha256:08695f5cb7ed6e0531a20572697297273c47b8cae5a63ffc6d6ed5c201be6e44"},
]

[[package]]
name = "coverage"
version = "7.11.2"
description = "Code coverage measurement for Python"
optional = false
python-versions = ">=3.10"
groups = ["dev"]
files = [
    {file = "coverage-7.11.2-cp310-cp310-macosx_10_9_x86_64.whl", hash = "sha256:004bdc5985b86f565772af627925e368256ee2172623db10a0d78a3b53f20ef1"},
    {file = "coverage-7.11.2-cp310-cp310-macosx_11_0_arm64.whl", hash = "sha256:3aa8c62460499e10ceac5ea61cc09c4f7ddcd8a68c6313cf08785ad353dfd311"},
    {file = "coverage-7.11.2-cp310-cp310-manylinux1_i686.manylinux_2_28_i686.manylinux_2_5_i686.whl", hash = "sha256:d73da4893125e0671f762e408dea9957b2bda0036c9589c2fd258a6b870acbdb"},
    {file = "coverage-7.11.2-cp310-cp310-manylinux1_x86_64.manylinux_2_28_x86_64.manylinux_2_5_x86_64.whl", hash = "sha256:805efa416085999da918f15f81b26636d8e79863e1fbac1495664686d1e6a6e9"},
    {file = "coverage-7.11.2-cp310-cp310-manylinux2014_aarch64.manylinux_2_17_aarch64.manylinux_2_28_aarch64.whl", hash = "sha256:c65f4291aec39692a3bfbe1d92ae5bea58c16b5553fdf021de61c655d987233f"},
    {file = "coverage-7.11.2-cp310-cp310-manylinux_2_31_riscv64.manylinux_2_39_riscv64.whl", hash = "sha256:b7658f3d4f728092368c091c18efcfb679be9b612c93bfdf345f33635a325188"},
    {file = "coverage-7.11.2-cp310-cp310-musllinux_1_2_aarch64.whl", hash = "sha256:9f5f6ee021b3b25e748a9a053f3a8dd61a62b6689efd6425cb47e27360994903"},
    {file = "coverage-7.11.2-cp310-cp310-musllinux_1_2_i686.whl", hash = "sha256:9a95b7a6043b221ec1a0d4d5481e424272b37028353265fbe5fcd3768d652eb7"},
    {file = "coverage-7.11.2-cp310-cp310-musllinux_1_2_riscv64.whl", hash = "sha256:94ced4a29a6987af99faaa49a513bf8d0458e8af004c54174e05dd7a8a31c7d9"},
    {file = "coverage-7.11.2-cp310-cp310-musllinux_1_2_x86_64.whl", hash = "sha256:8014a28a37ffabf7da7107f4f154d68c6b89672f27fef835a0574591c5cd140b"},
    {file = "coverage-7.11.2-cp310-cp310-win32.whl", hash = "sha256:43ecf9dca4fcb3baf8a886019dd5ce663c95a5e1c5172719c414f0ebd9eeb785"},
    {file = "coverage-7.11.2-cp310-cp310-win_amd64.whl", hash = "sha256:230317450af65a37c1fdbdd3546f7277e0c1c1b65e0d57409248e5dd0fa13493"},
    {file = "coverage-7.11.2-cp311-cp311-macosx_10_9_x86_64.whl", hash = "sha256:36c41bf2ee6f6062de8177e249fee17cd5c9662cd373f7a41e6468a34c5b9c0f"},
    {file = "coverage-7.11.2-cp311-cp311-macosx_11_0_arm64.whl", hash = "sha256:397778cf6d50df59c890bd3ac10acb5bf413388ff6a013305134f1403d5db648"},
    {file = "coverage-7.11.2-cp311-cp311-manylinux1_i686.manylinux_2_28_i686.manylinux_2_5_i686.whl", hash = "sha256:c85f44ed4260221e46a4e9e8e8df4b359ab6c0a742c79e85d649779bcf77b534"},
    {file = "coverage-7.11.2-cp311-cp311-manylinux1_x86_64.manylinux_2_28_x86_64.manylinux_2_5_x86_64.whl", hash = "sha256:cbffd1d5c5bf4c576ca247bf77646cdad4dced82928337eeb0b85e2b3be4d64b"},
    {file = "coverage-7.11.2-cp311-cp311-manylinux2014_aarch64.manylinux_2_17_aarch64.manylinux_2_28_aarch64.whl", hash = "sha256:ea10a57568af7cf082a7a4d98a699f993652c2ffbdd5a6c9d63c9ca10b693b4d"},
    {file = "coverage-7.11.2-cp311-cp311-manylinux_2_31_riscv64.manylinux_2_39_riscv64.whl", hash = "sha256:c4b1bea4c707f4c09f682fe0e646a114dfd068f627880d4a208850d01f8164ad"},
    {file = "coverage-7.11.2-cp311-cp311-musllinux_1_2_aarch64.whl", hash = "sha256:1ac3f647ecf25d883051ef42d38d823016e715b9f289f8c1768be5117075d1bd"},
    {file = "coverage-7.11.2-cp311-cp311-musllinux_1_2_i686.whl", hash = "sha256:d423991415f73a70c0a5f3e0a226cf4ab374dd0da7409978069b844df3d31582"},
    {file = "coverage-7.11.2-cp311-cp311-musllinux_1_2_riscv64.whl", hash = "sha256:0f4a958ff286038ac870f836351e9fb8912f1614d1cdbda200fc899235f7dc9b"},
    {file = "coverage-7.11.2-cp311-cp311-musllinux_1_2_x86_64.whl", hash = "sha256:4d1ff4b87ad438148976f2215141a490ae000e878536370d53f8da8c59a175a6"},
    {file = "coverage-7.11.2-cp311-cp311-win32.whl", hash = "sha256:e448ceee2fb880427eafc9a3f8e6162b2ac7cc3e9b30b85d6511f25cc8a11820"},
    {file = "coverage-7.11.2-cp311-cp311-win_amd64.whl", hash = "sha256:bc65e32fe5bb942f0f5247e1500e355cbbdf326181198f5e27e3bb3ddb81e203"},
    {file = "coverage-7.11.2-cp311-cp311-win_arm64.whl", hash = "sha256:e8eb6cbd7d3b238335b5da0f3ce281102435afb503be4d7bdd69eea3c700a952"},
    {file = "coverage-7.11.2-cp312-cp312-macosx_10_13_x86_64.whl", hash = "sha256:eaa2a5eeb82fa7a6a9cd65c4f968ee2a53839d451b4e88e060c67d87a0a40732"},
    {file = "coverage-7.11.2-cp312-cp312-macosx_11_0_arm64.whl", hash = "sha256:07e14a4050525fd98bf3d793f229eb8b3ae81678f4031e38e6a18a068bd59fd4"},
    {file = "coverage-7.11.2-cp312-cp312-manylinux1_i686.manylinux_2_28_i686.manylinux_2_5_i686.whl", hash = "sha256:03e7e7dc31a7deaebf121c3c3bd3c6442b7fbf50aca72aae2a1d08aa30ca2a20"},
    {file = "coverage-7.11.2-cp312-cp312-manylinux1_x86_64.manylinux_2_28_x86_64.manylinux_2_5_x86_64.whl", hash = "sha256:d752a8e398a19e2fb24781e4c73089bfeb417b6ac55f96c2c42cfe5bdb21cc18"},
    {file = "coverage-7.11.2-cp312-cp312-manylinux2014_aarch64.manylinux_2_17_aarch64.manylinux_2_28_aarch64.whl", hash = "sha256:5a02818ec44803e325d66bd022828212df934739b894d1699c9a05b9105d30f2"},
    {file = "coverage-7.11.2-cp312-cp312-manylinux_2_31_riscv64.manylinux_2_39_riscv64.whl", hash = "sha256:d30a717493583c2a83c99f195e934c073be7f4291b32b7352c246d52e43f6893"},
    {file = "coverage-7.11.2-cp312-cp312-musllinux_1_2_aarch64.whl", hash = "sha256:55ae008253df6000bc885a780c1b0e939bd8c932f41e16df1cfe19a00428a98a"},
    {file = "coverage-7.11.2-cp312-cp312-musllinux_1_2_i686.whl", hash = "sha256:17047fb65fcd1ce8a2f97dd2247c2b59cb4bc8848b3911db02dcb05856f91b71"},
    {file = "coverage-7.11.2-cp312-cp312-musllinux_1_2_riscv64.whl", hash = "sha256:5f72a49504e1f35443b157d97997c9259a017384373eab52fd09b8ade2ae4674"},
    {file = "coverage-7.11.2-cp312-cp312-musllinux_1_2_x86_64.whl", hash = "sha256:5c31cdbb95ab0f4a60224a04efc43cfb406ce904f0b60fb6b2a72f37718ea5cb"},
    {file = "coverage-7.11.2-cp312-cp312-win32.whl", hash = "sha256:632904d126ca97e5d4ecf7e51ae8b20f086b6f002c6075adcfd4ff3a28574527"},
    {file = "coverage-7.11.2-cp312-cp312-win_amd64.whl", hash = "sha256:c7ea5dec77d79dabb7b5fc712c59361aac52e459cd22028480625c3c743323d0"},
    {file = "coverage-7.11.2-cp312-cp312-win_arm64.whl", hash = "sha256:ed6ba9f1777fdd1c8e5650c7d123211fa484a187c61af4d82948dc5ee3c0afcc"},
    {file = "coverage-7.11.2-cp313-cp313-macosx_10_13_x86_64.whl", hash = "sha256:38a5509fe7fabb6fb3161059b947641753b6529150ef483fc01c4516a546f2ad"},
    {file = "coverage-7.11.2-cp313-cp313-macosx_11_0_arm64.whl", hash = "sha256:7e01ab8d69b6cffa2463e78a4d760a6b69dfebe5bf21837eabcc273655c7e7b3"},
    {file = "coverage-7.11.2-cp313-cp313-manylinux1_i686.manylinux_2_28_i686.manylinux_2_5_i686.whl", hash = "sha256:b4776c6555a9f378f37fa06408f2e1cc1d06e4c4e06adb3d157a4926b549efbe"},
    {file = "coverage-7.11.2-cp313-cp313-manylinux1_x86_64.manylinux_2_28_x86_64.manylinux_2_5_x86_64.whl", hash = "sha256:6f70fa1ef17cba5dada94e144ea1b6e117d4f174666842d1da3aaf765d6eb477"},
    {file = "coverage-7.11.2-cp313-cp313-manylinux2014_aarch64.manylinux_2_17_aarch64.manylinux_2_28_aarch64.whl", hash = "sha256:811bff1f93566a8556a9aeb078bd82573e37f4d802a185fba4cbe75468615050"},
    {file = "coverage-7.11.2-cp313-cp313-manylinux_2_31_riscv64.manylinux_2_39_riscv64.whl", hash = "sha256:d0e80c9946da61cc0bf55dfd90d65707acc1aa5bdcb551d4285ea8906255bb33"},
    {file = "coverage-7.11.2-cp313-cp313-musllinux_1_2_aarch64.whl", hash = "sha256:10f10c9acf584ef82bfaaa7296163bd11c7487237f1670e81fc2fa7e972be67b"},
    {file = "coverage-7.11.2-cp313-cp313-musllinux_1_2_i686.whl", hash = "sha256:fd3f7cc6cb999e3eff91a2998a70c662b0fcd3c123d875766147c530ca0d3248"},
    {file = "coverage-7.11.2-cp313-cp313-musllinux_1_2_riscv64.whl", hash = "sha256:e52a028a56889d3ad036c0420e866e4a69417d3203e2fc5f03dcb8841274b64c"},
    {file = "coverage-7.11.2-cp313-cp313-musllinux_1_2_x86_64.whl", hash = "sha256:f6f985e175dfa1fb8c0a01f47186720ae25d5e20c181cc5f3b9eba95589b8148"},
    {file = "coverage-7.11.2-cp313-cp313-win32.whl", hash = "sha256:e48b95abe2983be98cdf52900e07127eb7fe7067c87a700851f4f1f53d2b00e6"},
    {file = "coverage-7.11.2-cp313-cp313-win_amd64.whl", hash = "sha256:ea910cc737ee8553c81ad5c104bc5b135106ebb36f88be506c3493e001b4c733"},
    {file = "coverage-7.11.2-cp313-cp313-win_arm64.whl", hash = "sha256:ef2d3081562cd83f97984a96e02e7a294efa28f58d5e7f4e28920f59fd752b41"},
    {file = "coverage-7.11.2-cp313-cp313t-macosx_10_13_x86_64.whl", hash = "sha256:87d7c7b0b2279e174f36d276e2afb7bf16c9ea04e824d4fa277eea1854f4cfd4"},
    {file = "coverage-7.11.2-cp313-cp313t-macosx_11_0_arm64.whl", hash = "sha256:940d195f4c8ba3ec6e7c302c9f546cdbe63e57289ed535452bc52089b1634f1c"},
    {file = "coverage-7.11.2-cp313-cp313t-manylinux1_i686.manylinux_2_28_i686.manylinux_2_5_i686.whl", hash = "sha256:e3b92e10ca996b5421232dd6629b9933f97eb57ce374bca800ab56681fbeda2b"},
    {file = "coverage-7.11.2-cp313-cp313t-manylinux1_x86_64.manylinux_2_28_x86_64.manylinux_2_5_x86_64.whl", hash = "sha256:61d6a7cc1e7a7a761ac59dcc88cee54219fd4231face52bd1257cfd3df29ae9f"},
    {file = "coverage-7.11.2-cp313-cp313t-manylinux2014_aarch64.manylinux_2_17_aarch64.manylinux_2_28_aarch64.whl", hash = "sha256:bee1911c44c52cad6b51d436aa8c6ff5ca5d414fa089c7444592df9e7b890be9"},
    {file = "coverage-7.11.2-cp313-cp313t-manylinux_2_31_riscv64.manylinux_2_39_riscv64.whl", hash = "sha256:4c4423ea9c28749080b41e18ec74d658e6c9f148a6b47e719f3d7f56197f8227"},
    {file = "coverage-7.11.2-cp313-cp313t-musllinux_1_2_aarch64.whl", hash = "sha256:689d3b4dd0d4c912ed8bfd7a1b5ff2c5ecb1fa16571840573174704ff5437862"},
    {file = "coverage-7.11.2-cp313-cp313t-musllinux_1_2_i686.whl", hash = "sha256:75ef769be19d69ea71b0417d7fbf090032c444792579cdf9b166346a340987d5"},
    {file = "coverage-7.11.2-cp313-cp313t-musllinux_1_2_riscv64.whl", hash = "sha256:6681164bc697b93676945c8c814b76ac72204c395e11b71ba796a93b33331c24"},
    {file = "coverage-7.11.2-cp313-cp313t-musllinux_1_2_x86_64.whl", hash = "sha256:4aa799c61869318d2b86c0d3c413d6805546aec42069f009cbb27df2eefb2790"},
    {file = "coverage-7.11.2-cp313-cp313t-win32.whl", hash = "sha256:9a6468e1a3a40d3d1f9120a9ff221d3eacef4540a6f819fff58868fe0bd44fa9"},
    {file = "coverage-7.11.2-cp313-cp313t-win_amd64.whl", hash = "sha256:30c437e8b51ce081fe3903c9e368e85c9a803b093fd062c49215f3bf4fd1df37"},
    {file = "coverage-7.11.2-cp313-cp313t-win_arm64.whl", hash = "sha256:a35701fe0b5ee9d4b67d31aa76555237af32a36b0cf8dd33f8a74470cf7cd2f5"},
    {file = "coverage-7.11.2-cp314-cp314-macosx_10_15_x86_64.whl", hash = "sha256:7f933bc1fead57373922e383d803e1dd5ec7b5a786c220161152ebee1aa3f006"},
    {file = "coverage-7.11.2-cp314-cp314-macosx_11_0_arm64.whl", hash = "sha256:f80cb5b328e870bf3df0568b41643a85ee4b8ccd219a096812389e39aa310ea4"},
    {file = "coverage-7.11.2-cp314-cp314-manylinux1_i686.manylinux_2_28_i686.manylinux_2_5_i686.whl", hash = "sha256:f6b2498f86f2554ed6cb8df64201ee95b8c70fb77064a8b2ae8a7185e7a4a5f0"},
    {file = "coverage-7.11.2-cp314-cp314-manylinux1_x86_64.manylinux_2_28_x86_64.manylinux_2_5_x86_64.whl", hash = "sha256:a913b21f716aa05b149a8656e9e234d9da04bc1f9842136ad25a53172fecc20e"},
    {file = "coverage-7.11.2-cp314-cp314-manylinux2014_aarch64.manylinux_2_17_aarch64.manylinux_2_28_aarch64.whl", hash = "sha256:c5769159986eb174f0f66d049a52da03f2d976ac1355679371f1269e83528599"},
    {file = "coverage-7.11.2-cp314-cp314-manylinux_2_31_riscv64.manylinux_2_39_riscv64.whl", hash = "sha256:89565d7c9340858424a5ca3223bfefe449aeb116942cdc98cd76c07ca50e9db8"},
    {file = "coverage-7.11.2-cp314-cp314-musllinux_1_2_aarch64.whl", hash = "sha256:b7fc943097fa48de00d14d2a2f3bcebfede024e031d7cd96063fe135f8cbe96e"},
    {file = "coverage-7.11.2-cp314-cp314-musllinux_1_2_i686.whl", hash = "sha256:72a3d109ac233666064d60b29ae5801dd28bc51d1990e69f183a2b91b92d4baf"},
    {file = "coverage-7.11.2-cp314-cp314-musllinux_1_2_riscv64.whl", hash = "sha256:4648c90cf741fb61e142826db1557a44079de0ca868c5c5a363c53d852897e84"},
    {file = "coverage-7.11.2-cp314-cp314-musllinux_1_2_x86_64.whl", hash = "sha256:7f1aa017b47e1879d7bac50161b00d2b886f2ff3882fa09427119e1b3572ede1"},
    {file = "coverage-7.11.2-cp314-cp314-win32.whl", hash = "sha256:44b6e04bb94e59927a2807cd4de86386ce34248eaea95d9f1049a72f81828c38"},
    {file = "coverage-7.11.2-cp314-cp314-win_amd64.whl", hash = "sha256:7ea36e981a8a591acdaa920704f8dc798f9fff356c97dbd5d5702046ae967ce1"},
    {file = "coverage-7.11.2-cp314-cp314-win_arm64.whl", hash = "sha256:4aaf2212302b6f748dde596424b0f08bc3e1285192104e2480f43d56b6824f35"},
    {file = "coverage-7.11.2-cp314-cp314t-macosx_10_15_x86_64.whl", hash = "sha256:84e8e0f5ab5134a2d32d4ebadc18b433dbbeddd0b73481f816333b1edd3ff1c8"},
    {file = "coverage-7.11.2-cp314-cp314t-macosx_11_0_arm64.whl", hash = "sha256:5db683000ff6217273071c752bd6a1d341b6dc5d6aaa56678c53577a4e70e78a"},
    {file = "coverage-7.11.2-cp314-cp314t-manylinux1_i686.manylinux_2_28_i686.manylinux_2_5_i686.whl", hash = "sha256:2970c03fefee2a5f1aebc91201a0706a7d0061cc71ab452bb5c5345b7174a349"},
    {file = "coverage-7.11.2-cp314-cp314t-manylinux1_x86_64.manylinux_2_28_x86_64.manylinux_2_5_x86_64.whl", hash = "sha256:b9f28b900d96d83e2ae855b68d5cf5a704fa0b5e618999133fd2fb3bbe35ecb1"},
    {file = "coverage-7.11.2-cp314-cp314t-manylinux2014_aarch64.manylinux_2_17_aarch64.manylinux_2_28_aarch64.whl", hash = "sha256:c8b9a7ebc6a29202fb095877fd8362aab09882894d1c950060c76d61fb116114"},
    {file = "coverage-7.11.2-cp314-cp314t-manylinux_2_31_riscv64.manylinux_2_39_riscv64.whl", hash = "sha256:4f8f6bcaa7fe162460abb38f7a5dbfd7f47cfc51e2a0bf0d3ef9e51427298391"},
    {file = "coverage-7.11.2-cp314-cp314t-musllinux_1_2_aarch64.whl", hash = "sha256:461577af3f8ad4da244a55af66c0731b68540ce571dbdc02598b5ec9e7a09e73"},
    {file = "coverage-7.11.2-cp314-cp314t-musllinux_1_2_i686.whl", hash = "sha256:5b284931d57389ec97a63fb1edf91c68ec369cee44bc40b37b5c3985ba0a2914"},
    {file = "coverage-7.11.2-cp314-cp314t-musllinux_1_2_riscv64.whl", hash = "sha256:2ca963994d28e44285dc104cf94b25d8a7fd0c6f87cf944f46a23f473910703f"},
    {file = "coverage-7.11.2-cp314-cp314t-musllinux_1_2_x86_64.whl", hash = "sha256:e7d3fccd5781c5d29ca0bd1ea272630f05cd40a71d419e7e6105c0991400eb14"},
    {file = "coverage-7.11.2-cp314-cp314t-win32.whl", hash = "sha256:f633da28958f57b846e955d28661b2b323d8ae84668756e1eea64045414dbe34"},
    {file = "coverage-7.11.2-cp314-cp314t-win_amd64.whl", hash = "sha256:410cafc1aba1f7eb8c09823d5da381be30a2c9b3595758a4c176fcfc04732731"},
    {file = "coverage-7.11.2-cp314-cp314t-win_arm64.whl", hash = "sha256:595c6bb2b565cc2d930ee634cae47fa959dfd24cc0e8ae4cf2b6e7e131e0d1f7"},
    {file = "coverage-7.11.2-py3-none-any.whl", hash = "sha256:2442afabe9e83b881be083238bb7cf5afd4a10e47f29b6094470338d2336b33c"},
    {file = "coverage-7.11.2.tar.gz", hash = "sha256:ae43149b7732df15c3ca9879b310c48b71d08cd8a7ba77fda7f9108f78499e93"},
]

[package.extras]
toml = ["tomli ; python_full_version <= \"3.11.0a6\""]

[[package]]
name = "iniconfig"
version = "2.3.0"
description = "brain-dead simple config-ini parsing"
optional = false
python-versions = ">=3.10"
groups = ["dev"]
files = [
    {file = "iniconfig-2.3.0-py3-none-any.whl", hash = "sha256:f631c04d2c48c52b84d0d0549c99ff3859c98df65b3101406327ecc7d53fbf12"},
    {file = "iniconfig-2.3.0.tar.gz", hash = "sha256:c76315c77db068650d49c5b56314774a7804df16fee4402c1f19d6d15d8c4730"},
]

[[package]]
name = "packaging"
version = "25.0"
description = "Core utilities for Python packages"
optional = false
python-versions = ">=3.8"
groups = ["dev"]
files = [
    {file = "packaging-25.0-py3-none-any.whl", hash = "sha256:29572ef2b1f17581046b3a2227d5c611fb25ec70ca1ba8554b24b0e69331a484"},
    {file = "packaging-25.0.tar.gz", hash = "sha256:d443872c98d677bf60f6a1f2f8c1cb748e8fe762d2bf9d3148b5599295b0fc4f"},
]

[[package]]
name = "pluggy"
version = "1.6.0"
description = "plugin and hook calling mechanisms for python"
optional = false
python-versions = ">=3.9"
groups = ["dev"]
files = [
    {file = "pluggy-1.6.0-py3-none-any.whl", hash = "sha256:e920276dd6813095e9377c0bc5566d94c932c33b27a3e3945d8389c374dd4746"},
    {file = "pluggy-1.6.0.tar.gz", hash = "sha256:7dcc130b76258d33b90f61b658791dede3486c3e6bfb003ee5c9bfb396dd22f3"},
]

[package.extras]
dev = ["pre-commit", "tox"]
testing = ["coverage", "pytest", "pytest-benchmark"]

[[package]]
name = "pygments"
version = "2.19.2"
description = "Pygments is a syntax highlighting package written in Python."
optional = false
python-versions = ">=3.8"
groups = ["dev"]
files = [
    {file = "pygments-2.19.2-py3-none-any.whl", hash = "sha256:86540386c03d588bb81d44bc3928634ff26449851e99741617ecb9037ee5ec0b"},
    {file = "pygments-2.19.2.tar.gz", hash = "sha256:636cb2477cec7f8952536970bc533bc43743542f70392ae026374600add5b887"},
]

[package.extras]
windows-terminal = ["colorama (>=0.4.6)"]

[[package]]
name = "pytest"
version = "8.4.2"
description = "pytest: simple powerful testing with Python"
optional = false
python-versions = ">=3.9"
groups = ["dev"]
files = [
    {file = "pytest-8.4.2-py3-none-any.whl", hash = "sha256:872f880de3fc3a5bdc88a11b39c9710c3497a547cfa9320bc3c5e62fbf272e79"},
    {file = "pytest-8.4.2.tar.gz", hash = "sha256:86c0d0b93306b961d58d62a4db4879f27fe25513d4b969df351abdddb3c30e01"},
]

[package.dependencies]
colorama = {version = ">=0.4", markers = "sys_platform == \"win32\""}
iniconfig = ">=1"
packaging = ">=20"
pluggy = ">=1.5,<2"
pygments = ">=2.7.2"

[package.extras]
dev = ["argcomplete", "attrs (>=19.2)", "hypothesis (>=3.56)", "mock", "requests", "setuptools", "xmlschema"]

[metadata]
lock-version = "2.1"
python-versions = "^3.12"
content-hash = "9386b82a224f8cd2ed7f7638a534f8cbf068b258dac911fe870ba4c08479d2de"
